// !$*UTF8*$!
{
	archiveVersion = 1;
	classes = {
	};
	objectVersion = 50;
	objects = {

/* Begin PBXFileReference section */
		298A32EC23776AFB00BAB425 /* RELEASE.TXT */ = {isa = PBXFileReference; lastKnownFileType = text; path = RELEASE.TXT; sourceTree = "<group>"; };
		298A32ED23776AFB00BAB425 /* allowed.txt */ = {isa = PBXFileReference; lastKnownFileType = text; path = allowed.txt; sourceTree = "<group>"; };
		298A32EF23776AFB00BAB425 /* help.txt */ = {isa = PBXFileReference; lastKnownFileType = text; path = help.txt; sourceTree = "<group>"; };
		298A32F123776AFB00BAB425 /* minimal.db */ = {isa = PBXFileReference; lastKnownFileType = text; path = minimal.db; sourceTree = "<group>"; };
		298A32F423776AFB00BAB425 /* welcome.txt */ = {isa = PBXFileReference; lastKnownFileType = text; path = welcome.txt; sourceTree = "<group>"; };
		298A32F623776AFB00BAB425 /* index.html */ = {isa = PBXFileReference; lastKnownFileType = text.html; path = index.html; sourceTree = "<group>"; };
		298A32F723776AFB00BAB425 /* motd.txt */ = {isa = PBXFileReference; lastKnownFileType = text; path = motd.txt; sourceTree = "<group>"; };
		298A32F923776AFB00BAB425 /* mud */ = {isa = PBXFileReference; lastKnownFileType = text.script.perl; path = mud; sourceTree = "<group>"; };
		298A32FA23776AFC00BAB425 /* mudlib.pl */ = {isa = PBXFileReference; lastKnownFileType = text.script.perl; path = mudlib.pl; sourceTree = "<group>"; };
		29C3EC0223E26204004BEF93 /* mud.pf */ = {isa = PBXFileReference; explicitFileType = text; path = mud.pf; sourceTree = "<group>"; };
		29C3EC0323E26204004BEF93 /* minimal.pf */ = {isa = PBXFileReference; explicitFileType = text; path = minimal.pf; sourceTree = "<group>"; };
		29C3EC0423E262A2004BEF93 /* mud.db */ = {isa = PBXFileReference; lastKnownFileType = text; path = mud.db; sourceTree = "<group>"; };
		29CDE12523948B73000DF501 /* muddltoperl.pl */ = {isa = PBXFileReference; lastKnownFileType = text.script.perl; path = muddltoperl.pl; sourceTree = "<group>"; };
/* End PBXFileReference section */

/* Begin PBXGroup section */
		298A32E323776A8A00BAB425 = {
			isa = PBXGroup;
			children = (
				298A32ED23776AFB00BAB425 /* allowed.txt */,
				298A32EF23776AFB00BAB425 /* help.txt */,
				298A32F623776AFB00BAB425 /* index.html */,
				298A32F123776AFB00BAB425 /* minimal.db */,
				298A32F723776AFB00BAB425 /* motd.txt */,
				298A32F923776AFB00BAB425 /* mud */,
				298A32FA23776AFC00BAB425 /* mudlib.pl */,
				29CDE12523948B73000DF501 /* muddltoperl.pl */,
				29C3EC0323E26204004BEF93 /* minimal.pf */,
				29C3EC0223E26204004BEF93 /* mud.pf */,
				29C3EC0423E262A2004BEF93 /* mud.db */,
				298A32EC23776AFB00BAB425 /* RELEASE.TXT */,
				298A32F423776AFB00BAB425 /* welcome.txt */,
			);
			sourceTree = "<group>";
		};
/* End PBXGroup section */

/* Begin PBXProject section */
		298A32E423776A8A00BAB425 /* Project object */ = {
			isa = PBXProject;
			attributes = {
				LastUpgradeCheck = 1130;
			};
			buildConfigurationList = 298A32E723776A8A00BAB425 /* Build configuration list for PBXProject "perlmud-3.0-TH" */;
			compatibilityVersion = "Xcode 9.3";
			developmentRegion = en;
			hasScannedForEncodings = 0;
			knownRegions = (
				en,
				Base,
			);
			mainGroup = 298A32E323776A8A00BAB425;
			projectDirPath = "";
			projectRoot = "";
			targets = (
			);
		};
/* End PBXProject section */

/* Begin XCBuildConfiguration section */
		298A32E823776A8A00BAB425 /* Debug */ = {
			isa = XCBuildConfiguration;
			buildSettings = {
			};
			name = Debug;
		};
		298A32E923776A8A00BAB425 /* Release */ = {
			isa = XCBuildConfiguration;
			buildSettings = {
			};
			name = Release;
		};
/* End XCBuildConfiguration section */

/* Begin XCConfigurationList section */
		298A32E723776A8A00BAB425 /* Build configuration list for PBXProject "perlmud-3.0-TH" */ = {
			isa = XCConfigurationList;
			buildConfigurations = (
				298A32E823776A8A00BAB425 /* Debug */,
				298A32E923776A8A00BAB425 /* Release */,
			);
			defaultConfigurationIsVisible = 0;
			defaultConfigurationName = Release;
		};
/* End XCConfigurationList section */
	};
	rootObject = 298A32E423776A8A00BAB425 /* Project object */;
}
